
Microsoft Visual Studio Solution File, Format Version 12.00
# Visual Studio Version 17
VisualStudioVersion = 17.4.33213.308
MinimumVisualStudioVersion = 10.0.40219.1
Project("{8BC9CEB8-8B4A-11D0-8D11-00A0C91BC942}") = "SK-Lib-stdlib.h-qsort-Bagian4__C", "SK-Lib-stdlib.h-qsort-Bagian4__C\SK-Lib-stdlib.h-qsort-Bagian4__C.vcxproj", "{8D95E137-EA73-4394-A06C-4E86A8740D5F}"
EndProject
Global
	GlobalSection(SolutionConfigurationPlatforms) = preSolution
		Debug|x64 = Debug|x64
		Debug|x86 = Debug|x86
		Release|x64 = Release|x64
		Release|x86 = Release|x86
	EndGlobalSection
	GlobalSection(ProjectConfigurationPlatforms) = postSolution
		{8D95E137-EA73-4394-A06C-4E86A8740D5F}.Debug|x64.ActiveCfg = Debug|x64
		{8D95E137-EA73-4394-A06C-4E86A8740D5F}.Debug|x64.Build.0 = Debug|x64
		{8D95E137-EA73-4394-A06C-4E86A8740D5F}.Debug|x86.ActiveCfg = Debug|Win32
		{8D95E137-EA73-4394-A06C-4E86A8740D5F}.Debug|x86.Build.0 = Debug|Win32
		{8D95E137-EA73-4394-A06C-4E86A8740D5F}.Release|x64.ActiveCfg = Release|x64
		{8D95E137-EA73-4394-A06C-4E86A8740D5F}.Release|x64.Build.0 = Release|x64
		{8D95E137-EA73-4394-A06C-4E86A8740D5F}.Release|x86.ActiveCfg = Release|Win32
		{8D95E137-EA73-4394-A06C-4E86A8740D5F}.Release|x86.Build.0 = Release|Win32
	EndGlobalSection
	GlobalSection(SolutionProperties) = preSolution
		HideSolutionNode = FALSE
	EndGlobalSection
	GlobalSection(ExtensibilityGlobals) = postSolution
		SolutionGuid = {E5B59A23-150B-4C96-AD50-BFDA52FAC4C2}
	EndGlobalSection
EndGlobal
